
Microsoft Visual Studio Solution File, Format Version 12.00
# Visual Studio 14
VisualStudioVersion = 14.0.24720.0
MinimumVisualStudioVersion = 10.0.40219.1
Project("{FAE04EC0-301F-11D3-BF4B-00C04F79EFBC}") = "01.Demo", "01.Demo\01.Demo.csproj", "{864BEA11-D626-4170-80B1-64A61ACB8676}"
EndProject
Project("{FAE04EC0-301F-11D3-BF4B-00C04F79EFBC}") = "02.Expression", "02.Expression\02.Expression.csproj", "{40C452EC-8B8F-4697-A1CE-B37830A3D467}"
EndProject
Global
	GlobalSection(SolutionConfigurationPlatforms) = preSolution
		Debug|Any CPU = Debug|Any CPU
		Release|Any CPU = Release|Any CPU
	EndGlobalSection
	GlobalSection(ProjectConfigurationPlatforms) = postSolution
		{864BEA11-D626-4170-80B1-64A61ACB8676}.Debug|Any CPU.ActiveCfg = Debug|Any CPU
		{864BEA11-D626-4170-80B1-64A61ACB8676}.Debug|Any CPU.Build.0 = Debug|Any CPU
		{864BEA11-D626-4170-80B1-64A61ACB8676}.Release|Any CPU.ActiveCfg = Release|Any CPU
		{864BEA11-D626-4170-80B1-64A61ACB8676}.Release|Any CPU.Build.0 = Release|Any CPU
		{40C452EC-8B8F-4697-A1CE-B37830A3D467}.Debug|Any CPU.ActiveCfg = Debug|Any CPU
		{40C452EC-8B8F-4697-A1CE-B37830A3D467}.Debug|Any CPU.Build.0 = Debug|Any CPU
		{40C452EC-8B8F-4697-A1CE-B37830A3D467}.Release|Any CPU.ActiveCfg = Release|Any CPU
		{40C452EC-8B8F-4697-A1CE-B37830A3D467}.Release|Any CPU.Build.0 = Release|Any CPU
	EndGlobalSection
	GlobalSection(SolutionProperties) = preSolution
		HideSolutionNode = FALSE
	EndGlobalSection
EndGlobal
