
Microsoft Visual Studio Solution File, Format Version 12.00
# Visual Studio 14
VisualStudioVersion = 14.0.24720.0
MinimumVisualStudioVersion = 10.0.40219.1
Project("{FAE04EC0-301F-11D3-BF4B-00C04F79EFBC}") = "Task01.Num1To100", "Task01.Num1To100\Task01.Num1To100.csproj", "{0647DA81-60AD-4EF2-AC66-074ED9A4332B}"
EndProject
Project("{FAE04EC0-301F-11D3-BF4B-00C04F79EFBC}") = "Task02.Number1To1000", "Task02.Number1To1000\Task02.Number1To1000.csproj", "{EA54BE37-9FD7-4EDC-A4D0-78189A0A312E}"
EndProject
Project("{FAE04EC0-301F-11D3-BF4B-00C04F79EFBC}") = "Task03.AToZ", "Task03.AToZ\Task03.AToZ.csproj", "{5E4AC618-F8BA-4A86-8B79-1B58D9960C96}"
EndProject
Project("{FAE04EC0-301F-11D3-BF4B-00C04F79EFBC}") = "Task04.SumNumbers", "Task04.SumNumbers\Task04.SumNumbers.csproj", "{FF49655D-8857-441D-A800-1F3F30419552}"
EndProject
Project("{FAE04EC0-301F-11D3-BF4B-00C04F79EFBC}") = "Task05.MaxNumber", "Task05.MaxNumber\Task05.MaxNumber.csproj", "{C7F0C861-F021-47D7-9F04-CB9CAFBF8CF0}"
EndProject
Project("{FAE04EC0-301F-11D3-BF4B-00C04F79EFBC}") = "Task06.MinValue", "Task06.MinValue\Task06.MinValue.csproj", "{C64F543E-6611-449E-B58D-532730099DE2}"
EndProject
Project("{FAE04EC0-301F-11D3-BF4B-00C04F79EFBC}") = "Task07.LeftRightSum", "Task07.LeftRightSum\Task07.LeftRightSum.csproj", "{2CE7D001-449D-420A-AA38-018CB1046751}"
EndProject
Project("{FAE04EC0-301F-11D3-BF4B-00C04F79EFBC}") = "Task08.OddEvenSum", "Task08.OddEvenSum\Task08.OddEvenSum.csproj", "{8F0AA89A-FF92-4A1C-86E6-D9D2C2CDA324}"
EndProject
Project("{FAE04EC0-301F-11D3-BF4B-00C04F79EFBC}") = "Task09.SumString", "Task09.SumString\Task09.SumString.csproj", "{34172A9A-3445-4766-997C-F9487649696E}"
EndProject
Project("{FAE04EC0-301F-11D3-BF4B-00C04F79EFBC}") = "Task10.Turtle", "Task10.Turtle\Task10.Turtle.csproj", "{0510101C-533D-437A-8B82-617AC73DDF30}"
EndProject
Global
	GlobalSection(SolutionConfigurationPlatforms) = preSolution
		Debug|Any CPU = Debug|Any CPU
		Release|Any CPU = Release|Any CPU
	EndGlobalSection
	GlobalSection(ProjectConfigurationPlatforms) = postSolution
		{0647DA81-60AD-4EF2-AC66-074ED9A4332B}.Debug|Any CPU.ActiveCfg = Debug|Any CPU
		{0647DA81-60AD-4EF2-AC66-074ED9A4332B}.Debug|Any CPU.Build.0 = Debug|Any CPU
		{0647DA81-60AD-4EF2-AC66-074ED9A4332B}.Release|Any CPU.ActiveCfg = Release|Any CPU
		{0647DA81-60AD-4EF2-AC66-074ED9A4332B}.Release|Any CPU.Build.0 = Release|Any CPU
		{EA54BE37-9FD7-4EDC-A4D0-78189A0A312E}.Debug|Any CPU.ActiveCfg = Debug|Any CPU
		{EA54BE37-9FD7-4EDC-A4D0-78189A0A312E}.Debug|Any CPU.Build.0 = Debug|Any CPU
		{EA54BE37-9FD7-4EDC-A4D0-78189A0A312E}.Release|Any CPU.ActiveCfg = Release|Any CPU
		{EA54BE37-9FD7-4EDC-A4D0-78189A0A312E}.Release|Any CPU.Build.0 = Release|Any CPU
		{5E4AC618-F8BA-4A86-8B79-1B58D9960C96}.Debug|Any CPU.ActiveCfg = Debug|Any CPU
		{5E4AC618-F8BA-4A86-8B79-1B58D9960C96}.Debug|Any CPU.Build.0 = Debug|Any CPU
		{5E4AC618-F8BA-4A86-8B79-1B58D9960C96}.Release|Any CPU.ActiveCfg = Release|Any CPU
		{5E4AC618-F8BA-4A86-8B79-1B58D9960C96}.Release|Any CPU.Build.0 = Release|Any CPU
		{FF49655D-8857-441D-A800-1F3F30419552}.Debug|Any CPU.ActiveCfg = Debug|Any CPU
		{FF49655D-8857-441D-A800-1F3F30419552}.Debug|Any CPU.Build.0 = Debug|Any CPU
		{FF49655D-8857-441D-A800-1F3F30419552}.Release|Any CPU.ActiveCfg = Release|Any CPU
		{FF49655D-8857-441D-A800-1F3F30419552}.Release|Any CPU.Build.0 = Release|Any CPU
		{C7F0C861-F021-47D7-9F04-CB9CAFBF8CF0}.Debug|Any CPU.ActiveCfg = Debug|Any CPU
		{C7F0C861-F021-47D7-9F04-CB9CAFBF8CF0}.Debug|Any CPU.Build.0 = Debug|Any CPU
		{C7F0C861-F021-47D7-9F04-CB9CAFBF8CF0}.Release|Any CPU.ActiveCfg = Release|Any CPU
		{C7F0C861-F021-47D7-9F04-CB9CAFBF8CF0}.Release|Any CPU.Build.0 = Release|Any CPU
		{C64F543E-6611-449E-B58D-532730099DE2}.Debug|Any CPU.ActiveCfg = Debug|Any CPU
		{C64F543E-6611-449E-B58D-532730099DE2}.Debug|Any CPU.Build.0 = Debug|Any CPU
		{C64F543E-6611-449E-B58D-532730099DE2}.Release|Any CPU.ActiveCfg = Release|Any CPU
		{C64F543E-6611-449E-B58D-532730099DE2}.Release|Any CPU.Build.0 = Release|Any CPU
		{2CE7D001-449D-420A-AA38-018CB1046751}.Debug|Any CPU.ActiveCfg = Debug|Any CPU
		{2CE7D001-449D-420A-AA38-018CB1046751}.Debug|Any CPU.Build.0 = Debug|Any CPU
		{2CE7D001-449D-420A-AA38-018CB1046751}.Release|Any CPU.ActiveCfg = Release|Any CPU
		{2CE7D001-449D-420A-AA38-018CB1046751}.Release|Any CPU.Build.0 = Release|Any CPU
		{8F0AA89A-FF92-4A1C-86E6-D9D2C2CDA324}.Debug|Any CPU.ActiveCfg = Debug|Any CPU
		{8F0AA89A-FF92-4A1C-86E6-D9D2C2CDA324}.Debug|Any CPU.Build.0 = Debug|Any CPU
		{8F0AA89A-FF92-4A1C-86E6-D9D2C2CDA324}.Release|Any CPU.ActiveCfg = Release|Any CPU
		{8F0AA89A-FF92-4A1C-86E6-D9D2C2CDA324}.Release|Any CPU.Build.0 = Release|Any CPU
		{34172A9A-3445-4766-997C-F9487649696E}.Debug|Any CPU.ActiveCfg = Debug|Any CPU
		{34172A9A-3445-4766-997C-F9487649696E}.Debug|Any CPU.Build.0 = Debug|Any CPU
		{34172A9A-3445-4766-997C-F9487649696E}.Release|Any CPU.ActiveCfg = Release|Any CPU
		{34172A9A-3445-4766-997C-F9487649696E}.Release|Any CPU.Build.0 = Release|Any CPU
		{0510101C-533D-437A-8B82-617AC73DDF30}.Debug|Any CPU.ActiveCfg = Debug|Any CPU
		{0510101C-533D-437A-8B82-617AC73DDF30}.Debug|Any CPU.Build.0 = Debug|Any CPU
		{0510101C-533D-437A-8B82-617AC73DDF30}.Release|Any CPU.ActiveCfg = Release|Any CPU
		{0510101C-533D-437A-8B82-617AC73DDF30}.Release|Any CPU.Build.0 = Release|Any CPU
	EndGlobalSection
	GlobalSection(SolutionProperties) = preSolution
		HideSolutionNode = FALSE
	EndGlobalSection
EndGlobal
